// !$*UTF8*$!
{
	archiveVersion = 1;
	classes = {
	};
	objectVersion = 50;
	objects = {

/* Begin PBXBuildFile section */
		1072277B21E86FFF00CD5246 /* AppDelegate.swift in Sources */ = {isa = PBXBuildFile; fileRef = 1072277A21E86FFF00CD5246 /* AppDelegate.swift */; };
		1072277D21E86FFF00CD5246 /* ViewController.swift in Sources */ = {isa = PBXBuildFile; fileRef = 1072277C21E86FFF00CD5246 /* ViewController.swift */; };
		1072278021E86FFF00CD5246 /* Main.storyboard in Resources */ = {isa = PBXBuildFile; fileRef = 1072277E21E86FFF00CD5246 /* Main.storyboard */; };
		1072278221E8700000CD5246 /* Assets.xcassets in Resources */ = {isa = PBXBuildFile; fileRef = 1072278121E8700000CD5246 /* Assets.xcassets */; };
		1072278521E8700000CD5246 /* LaunchScreen.storyboard in Resources */ = {isa = PBXBuildFile; fileRef = 1072278321E8700000CD5246 /* LaunchScreen.storyboard */; };
		1072279021E8700000CD5246 /* ScreenVideoDemoTests.swift in Sources */ = {isa = PBXBuildFile; fileRef = 1072278F21E8700000CD5246 /* ScreenVideoDemoTests.swift */; };
		1072279B21E8700000CD5246 /* ScreenVideoDemoUITests.swift in Sources */ = {isa = PBXBuildFile; fileRef = 1072279A21E8700000CD5246 /* ScreenVideoDemoUITests.swift */; };
		107227AA21E8762B00CD5246 /* ReplayToolsView.swift in Sources */ = {isa = PBXBuildFile; fileRef = 107227A921E8762B00CD5246 /* ReplayToolsView.swift */; };
		107227AD21E8769F00CD5246 /* Color.swift in Sources */ = {isa = PBXBuildFile; fileRef = 107227AC21E8769F00CD5246 /* Color.swift */; };
		107227AF21E876FB00CD5246 /* Tools.swift in Sources */ = {isa = PBXBuildFile; fileRef = 107227AE21E876FB00CD5246 /* Tools.swift */; };
/* End PBXBuildFile section */

/* Begin PBXContainerItemProxy section */
		1072278C21E8700000CD5246 /* PBXContainerItemProxy */ = {
			isa = PBXContainerItemProxy;
			containerPortal = 1072276F21E86FFF00CD5246 /* Project object */;
			proxyType = 1;
			remoteGlobalIDString = 1072277621E86FFF00CD5246;
			remoteInfo = ScreenVideoDemo;
		};
		1072279721E8700000CD5246 /* PBXContainerItemProxy */ = {
			isa = PBXContainerItemProxy;
			containerPortal = 1072276F21E86FFF00CD5246 /* Project object */;
			proxyType = 1;
			remoteGlobalIDString = 1072277621E86FFF00CD5246;
			remoteInfo = ScreenVideoDemo;
		};
/* End PBXContainerItemProxy section */

/* Begin PBXFileReference section */
		1072277721E86FFF00CD5246 /* ScreenVideoDemo.app */ = {isa = PBXFileReference; explicitFileType = wrapper.application; includeInIndex = 0; path = ScreenVideoDemo.app; sourceTree = BUILT_PRODUCTS_DIR; };
		1072277A21E86FFF00CD5246 /* AppDelegate.swift */ = {isa = PBXFileReference; lastKnownFileType = sourcecode.swift; path = AppDelegate.swift; sourceTree = "<group>"; };
		1072277C21E86FFF00CD5246 /* ViewController.swift */ = {isa = PBXFileReference; lastKnownFileType = sourcecode.swift; path = ViewController.swift; sourceTree = "<group>"; };
		1072277F21E86FFF00CD5246 /* Base */ = {isa = PBXFileReference; lastKnownFileType = file.storyboard; name = Base; path = Base.lproj/Main.storyboard; sourceTree = "<group>"; };
		1072278121E8700000CD5246 /* Assets.xcassets */ = {isa = PBXFileReference; lastKnownFileType = folder.assetcatalog; path = Assets.xcassets; sourceTree = "<group>"; };
		1072278421E8700000CD5246 /* Base */ = {isa = PBXFileReference; lastKnownFileType = file.storyboard; name = Base; path = Base.lproj/LaunchScreen.storyboard; sourceTree = "<group>"; };
		1072278621E8700000CD5246 /* Info.plist */ = {isa = PBXFileReference; lastKnownFileType = text.plist.xml; path = Info.plist; sourceTree = "<group>"; };
		1072278B21E8700000CD5246 /* ScreenVideoDemoTests.xctest */ = {isa = PBXFileReference; explicitFileType = wrapper.cfbundle; includeInIndex = 0; path = ScreenVideoDemoTests.xctest; sourceTree = BUILT_PRODUCTS_DIR; };
		1072278F21E8700000CD5246 /* ScreenVideoDemoTests.swift */ = {isa = PBXFileReference; lastKnownFileType = sourcecode.swift; path = ScreenVideoDemoTests.swift; sourceTree = "<group>"; };
		1072279121E8700000CD5246 /* Info.plist */ = {isa = PBXFileReference; lastKnownFileType = text.plist.xml; path = Info.plist; sourceTree = "<group>"; };
		1072279621E8700000CD5246 /* ScreenVideoDemoUITests.xctest */ = {isa = PBXFileReference; explicitFileType = wrapper.cfbundle; includeInIndex = 0; path = ScreenVideoDemoUITests.xctest; sourceTree = BUILT_PRODUCTS_DIR; };
		1072279A21E8700000CD5246 /* ScreenVideoDemoUITests.swift */ = {isa = PBXFileReference; lastKnownFileType = sourcecode.swift; path = ScreenVideoDemoUITests.swift; sourceTree = "<group>"; };
		1072279C21E8700000CD5246 /* Info.plist */ = {isa = PBXFileReference; lastKnownFileType = text.plist.xml; path = Info.plist; sourceTree = "<group>"; };
		107227A921E8762B00CD5246 /* ReplayToolsView.swift */ = {isa = PBXFileReference; lastKnownFileType = sourcecode.swift; path = ReplayToolsView.swift; sourceTree = "<group>"; };
		107227AC21E8769F00CD5246 /* Color.swift */ = {isa = PBXFileReference; lastKnownFileType = sourcecode.swift; path = Color.swift; sourceTree = "<group>"; };
		107227AE21E876FB00CD5246 /* Tools.swift */ = {isa = PBXFileReference; lastKnownFileType = sourcecode.swift; path = Tools.swift; sourceTree = "<group>"; };
/* End PBXFileReference section */

/* Begin PBXFrameworksBuildPhase section */
		1072277421E86FFF00CD5246 /* Frameworks */ = {
			isa = PBXFrameworksBuildPhase;
			buildActionMask = 2147483647;
			files = (
			);
			runOnlyForDeploymentPostprocessing = 0;
		};
		1072278821E8700000CD5246 /* Frameworks */ = {
			isa = PBXFrameworksBuildPhase;
			buildActionMask = 2147483647;
			files = (
			);
			runOnlyForDeploymentPostprocessing = 0;
		};
		1072279321E8700000CD5246 /* Frameworks */ = {
			isa = PBXFrameworksBuildPhase;
			buildActionMask = 2147483647;
			files = (
			);
			runOnlyForDeploymentPostprocessing = 0;
		};
/* End PBXFrameworksBuildPhase section */

/* Begin PBXGroup section */
		1072276E21E86FFF00CD5246 = {
			isa = PBXGroup;
			children = (
				1072277921E86FFF00CD5246 /* ScreenVideoDemo */,
				1072278E21E8700000CD5246 /* ScreenVideoDemoTests */,
				1072279921E8700000CD5246 /* ScreenVideoDemoUITests */,
				1072277821E86FFF00CD5246 /* Products */,
			);
			sourceTree = "<group>";
		};
		1072277821E86FFF00CD5246 /* Products */ = {
			isa = PBXGroup;
			children = (
				1072277721E86FFF00CD5246 /* ScreenVideoDemo.app */,
				1072278B21E8700000CD5246 /* ScreenVideoDemoTests.xctest */,
				1072279621E8700000CD5246 /* ScreenVideoDemoUITests.xctest */,
			);
			name = Products;
			sourceTree = "<group>";
		};
		1072277921E86FFF00CD5246 /* ScreenVideoDemo */ = {
			isa = PBXGroup;
			children = (
				107227AB21E8769300CD5246 /* Common */,
				107227A821E8757800CD5246 /* Kit */,
				1072277A21E86FFF00CD5246 /* AppDelegate.swift */,
				1072277C21E86FFF00CD5246 /* ViewController.swift */,
				1072277E21E86FFF00CD5246 /* Main.storyboard */,
				1072278121E8700000CD5246 /* Assets.xcassets */,
				1072278321E8700000CD5246 /* LaunchScreen.storyboard */,
				1072278621E8700000CD5246 /* Info.plist */,
			);
			path = ScreenVideoDemo;
			sourceTree = "<group>";
		};
		1072278E21E8700000CD5246 /* ScreenVideoDemoTests */ = {
			isa = PBXGroup;
			children = (
				1072278F21E8700000CD5246 /* ScreenVideoDemoTests.swift */,
				1072279121E8700000CD5246 /* Info.plist */,
			);
			path = ScreenVideoDemoTests;
			sourceTree = "<group>";
		};
		1072279921E8700000CD5246 /* ScreenVideoDemoUITests */ = {
			isa = PBXGroup;
			children = (
				1072279A21E8700000CD5246 /* ScreenVideoDemoUITests.swift */,
				1072279C21E8700000CD5246 /* Info.plist */,
			);
			path = ScreenVideoDemoUITests;
			sourceTree = "<group>";
		};
		107227A821E8757800CD5246 /* Kit */ = {
			isa = PBXGroup;
			children = (
				107227A921E8762B00CD5246 /* ReplayToolsView.swift */,
			);
			path = Kit;
			sourceTree = "<group>";
		};
		107227AB21E8769300CD5246 /* Common */ = {
			isa = PBXGroup;
			children = (
				107227AC21E8769F00CD5246 /* Color.swift */,
				107227AE21E876FB00CD5246 /* Tools.swift */,
			);
			path = Common;
			sourceTree = "<group>";
		};
/* End PBXGroup section */

/* Begin PBXNativeTarget section */
		1072277621E86FFF00CD5246 /* ScreenVideoDemo */ = {
			isa = PBXNativeTarget;
			buildConfigurationList = 1072279F21E8700000CD5246 /* Build configuration list for PBXNativeTarget "ScreenVideoDemo" */;
			buildPhases = (
				1072277321E86FFF00CD5246 /* Sources */,
				1072277421E86FFF00CD5246 /* Frameworks */,
				1072277521E86FFF00CD5246 /* Resources */,
			);
			buildRules = (
			);
			dependencies = (
			);
			name = ScreenVideoDemo;
			productName = ScreenVideoDemo;
			productReference = 1072277721E86FFF00CD5246 /* ScreenVideoDemo.app */;
			productType = "com.apple.product-type.application";
		};
		1072278A21E8700000CD5246 /* ScreenVideoDemoTests */ = {
			isa = PBXNativeTarget;
			buildConfigurationList = 107227A221E8700000CD5246 /* Build configuration list for PBXNativeTarget "ScreenVideoDemoTests" */;
			buildPhases = (
				1072278721E8700000CD5246 /* Sources */,
				1072278821E8700000CD5246 /* Frameworks */,
				1072278921E8700000CD5246 /* Resources */,
			);
			buildRules = (
			);
			dependencies = (
				1072278D21E8700000CD5246 /* PBXTargetDependency */,
			);
			name = ScreenVideoDemoTests;
			productName = ScreenVideoDemoTests;
			productReference = 1072278B21E8700000CD5246 /* ScreenVideoDemoTests.xctest */;
			productType = "com.apple.product-type.bundle.unit-test";
		};
		1072279521E8700000CD5246 /* ScreenVideoDemoUITests */ = {
			isa = PBXNativeTarget;
			buildConfigurationList = 107227A521E8700000CD5246 /* Build configuration list for PBXNativeTarget "ScreenVideoDemoUITests" */;
			buildPhases = (
				1072279221E8700000CD5246 /* Sources */,
				1072279321E8700000CD5246 /* Frameworks */,
				1072279421E8700000CD5246 /* Resources */,
			);
			buildRules = (
			);
			dependencies = (
				1072279821E8700000CD5246 /* PBXTargetDependency */,
			);
			name = ScreenVideoDemoUITests;
			productName = ScreenVideoDemoUITests;
			productReference = 1072279621E8700000CD5246 /* ScreenVideoDemoUITests.xctest */;
			productType = "com.apple.product-type.bundle.ui-testing";
		};
/* End PBXNativeTarget section */

/* Begin PBXProject section */
		1072276F21E86FFF00CD5246 /* Project object */ = {
			isa = PBXProject;
			attributes = {
				LastSwiftUpdateCheck = 1010;
				LastUpgradeCheck = 1010;
				ORGANIZATIONNAME = Janise;
				TargetAttributes = {
					1072277621E86FFF00CD5246 = {
						CreatedOnToolsVersion = 10.1;
					};
					1072278A21E8700000CD5246 = {
						CreatedOnToolsVersion = 10.1;
						TestTargetID = 1072277621E86FFF00CD5246;
					};
					1072279521E8700000CD5246 = {
						CreatedOnToolsVersion = 10.1;
						TestTargetID = 1072277621E86FFF00CD5246;
					};
				};
			};
			buildConfigurationList = 1072277221E86FFF00CD5246 /* Build configuration list for PBXProject "ScreenVideoDemo" */;
			compatibilityVersion = "Xcode 9.3";
			developmentRegion = en;
			hasScannedForEncodings = 0;
			knownRegions = (
				en,
				Base,
			);
			mainGroup = 1072276E21E86FFF00CD5246;
			productRefGroup = 1072277821E86FFF00CD5246 /* Products */;
			projectDirPath = "";
			projectRoot = "";
			targets = (
				1072277621E86FFF00CD5246 /* ScreenVideoDemo */,
				1072278A21E8700000CD5246 /* ScreenVideoDemoTests */,
				1072279521E8700000CD5246 /* ScreenVideoDemoUITests */,
			);
		};
/* End PBXProject section */

/* Begin PBXResourcesBuildPhase section */
		1072277521E86FFF00CD5246 /* Resources */ = {
			isa = PBXResourcesBuildPhase;
			buildActionMask = 2147483647;
			files = (
				1072278521E8700000CD5246 /* LaunchScreen.storyboard in Resources */,
				1072278221E8700000CD5246 /* Assets.xcassets in Resources */,
				1072278021E86FFF00CD5246 /* Main.storyboard in Resources */,
			);
			runOnlyForDeploymentPostprocessing = 0;
		};
		1072278921E8700000CD5246 /* Resources */ = {
			isa = PBXResourcesBuildPhase;
			buildActionMask = 2147483647;
			files = (
			);
			runOnlyForDeploymentPostprocessing = 0;
		};
		1072279421E8700000CD5246 /* Resources */ = {
			isa = PBXResourcesBuildPhase;
			buildActionMask = 2147483647;
			files = (
			);
			runOnlyForDeploymentPostprocessing = 0;
		};
/* End PBXResourcesBuildPhase section */

/* Begin PBXSourcesBuildPhase section */
		1072277321E86FFF00CD5246 /* Sources */ = {
			isa = PBXSourcesBuildPhase;
			buildActionMask = 2147483647;
			files = (
				107227AA21E8762B00CD5246 /* ReplayToolsView.swift in Sources */,
				107227AD21E8769F00CD5246 /* Color.swift in Sources */,
				1072277D21E86FFF00CD5246 /* ViewController.swift in Sources */,
				1072277B21E86FFF00CD5246 /* AppDelegate.swift in Sources */,
				107227AF21E876FB00CD5246 /* Tools.swift in Sources */,
			);
			runOnlyForDeploymentPostprocessing = 0;
		};
		1072278721E8700000CD5246 /* Sources */ = {
			isa = PBXSourcesBuildPhase;
			buildActionMask = 2147483647;
			files = (
				1072279021E8700000CD5246 /* ScreenVideoDemoTests.swift in Sources */,
			);
			runOnlyForDeploymentPostprocessing = 0;
		};
		1072279221E8700000CD5246 /* Sources */ = {
			isa = PBXSourcesBuildPhase;
			buildActionMask = 2147483647;
			files = (
				1072279B21E8700000CD5246 /* ScreenVideoDemoUITests.swift in Sources */,
			);
			runOnlyForDeploymentPostprocessing = 0;
		};
/* End PBXSourcesBuildPhase section */

/* Begin PBXTargetDependency section */
		1072278D21E8700000CD5246 /* PBXTargetDependency */ = {
			isa = PBXTargetDependency;
			target = 1072277621E86FFF00CD5246 /* ScreenVideoDemo */;
			targetProxy = 1072278C21E8700000CD5246 /* PBXContainerItemProxy */;
		};
		1072279821E8700000CD5246 /* PBXTargetDependency */ = {
			isa = PBXTargetDependency;
			target = 1072277621E86FFF00CD5246 /* ScreenVideoDemo */;
			targetProxy = 1072279721E8700000CD5246 /* PBXContainerItemProxy */;
		};
/* End PBXTargetDependency section */

/* Begin PBXVariantGroup section */
		1072277E21E86FFF00CD5246 /* Main.storyboard */ = {
			isa = PBXVariantGroup;
			children = (
				1072277F21E86FFF00CD5246 /* Base */,
			);
			name = Main.storyboard;
			sourceTree = "<group>";
		};
		1072278321E8700000CD5246 /* LaunchScreen.storyboard */ = {
			isa = PBXVariantGroup;
			children = (
				1072278421E8700000CD5246 /* Base */,
			);
			name = LaunchScreen.storyboard;
			sourceTree = "<group>";
		};
/* End PBXVariantGroup section */

/* Begin XCBuildConfiguration section */
		1072279D21E8700000CD5246 /* Debug */ = {
			isa = XCBuildConfiguration;
			buildSettings = {
				ALWAYS_SEARCH_USER_PATHS = NO;
				CLANG_ANALYZER_NONNULL = YES;
				CLANG_ANALYZER_NUMBER_OBJECT_CONVERSION = YES_AGGRESSIVE;
				CLANG_CXX_LANGUAGE_STANDARD = "gnu++14";
				CLANG_CXX_LIBRARY = "libc++";
				CLANG_ENABLE_MODULES = YES;
				CLANG_ENABLE_OBJC_ARC = YES;
				CLANG_ENABLE_OBJC_WEAK = YES;
				CLANG_WARN_BLOCK_CAPTURE_AUTORELEASING = YES;
				CLANG_WARN_BOOL_CONVERSION = YES;
				CLANG_WARN_COMMA = YES;
				CLANG_WARN_CONSTANT_CONVERSION = YES;
				CLANG_WARN_DEPRECATED_OBJC_IMPLEMENTATIONS = YES;
				CLANG_WARN_DIRECT_OBJC_ISA_USAGE = YES_ERROR;
				CLANG_WARN_DOCUMENTATION_COMMENTS = YES;
				CLANG_WARN_EMPTY_BODY = YES;
				CLANG_WARN_ENUM_CONVERSION = YES;
				CLANG_WARN_INFINITE_RECURSION = YES;
				CLANG_WARN_INT_CONVERSION = YES;
				CLANG_WARN_NON_LITERAL_NULL_CONVERSION = YES;
				CLANG_WARN_OBJC_IMPLICIT_RETAIN_SELF = YES;
				CLANG_WARN_OBJC_LITERAL_CONVERSION = YES;
				CLANG_WARN_OBJC_ROOT_CLASS = YES_ERROR;
				CLANG_WARN_RANGE_LOOP_ANALYSIS = YES;
				CLANG_WARN_STRICT_PROTOTYPES = YES;
				CLANG_WARN_SUSPICIOUS_MOVE = YES;
				CLANG_WARN_UNGUARDED_AVAILABILITY = YES_AGGRESSIVE;
				CLANG_WARN_UNREACHABLE_CODE = YES;
				CLANG_WARN__DUPLICATE_METHOD_MATCH = YES;
				CODE_SIGN_IDENTITY = "iPhone Developer";
				COPY_PHASE_STRIP = NO;
				DEBUG_INFORMATION_FORMAT = dwarf;
				ENABLE_STRICT_OBJC_MSGSEND = YES;
				ENABLE_TESTABILITY = YES;
				GCC_C_LANGUAGE_STANDARD = gnu11;
				GCC_DYNAMIC_NO_PIC = NO;
				GCC_NO_COMMON_BLOCKS = YES;
				GCC_OPTIMIZATION_LEVEL = 0;
				GCC_PREPROCESSOR_DEFINITIONS = (
					"DEBUG=1",
					"$(inherited)",
				);
				GCC_WARN_64_TO_32_BIT_CONVERSION = YES;
				GCC_WARN_ABOUT_RETURN_TYPE = YES_ERROR;
				GCC_WARN_UNDECLARED_SELECTOR = YES;
				GCC_WARN_UNINITIALIZED_AUTOS = YES_AGGRESSIVE;
				GCC_WARN_UNUSED_FUNCTION = YES;
				GCC_WARN_UNUSED_VARIABLE = YES;
				IPHONEOS_DEPLOYMENT_TARGET = 12.1;
				MTL_ENABLE_DEBUG_INFO = INCLUDE_SOURCE;
				MTL_FAST_MATH = YES;
				ONLY_ACTIVE_ARCH = YES;
				SDKROOT = iphoneos;
				SWIFT_ACTIVE_COMPILATION_CONDITIONS = DEBUG;
				SWIFT_OPTIMIZATION_LEVEL = "-Onone";
			};
			name = Debug;
		};
		1072279E21E8700000CD5246 /* Release */ = {
			isa = XCBuildConfiguration;
			buildSettings = {
				ALWAYS_SEARCH_USER_PATHS = NO;
				CLANG_ANALYZER_NONNULL = YES;
				CLANG_ANALYZER_NUMBER_OBJECT_CONVERSION = YES_AGGRESSIVE;
				CLANG_CXX_LANGUAGE_STANDARD = "gnu++14";
				CLANG_CXX_LIBRARY = "libc++";
				CLANG_ENABLE_MODULES = YES;
				CLANG_ENABLE_OBJC_ARC = YES;
				CLANG_ENABLE_OBJC_WEAK = YES;
				CLANG_WARN_BLOCK_CAPTURE_AUTORELEASING = YES;
				CLANG_WARN_BOOL_CONVERSION = YES;
				CLANG_WARN_COMMA = YES;
				CLANG_WARN_CONSTANT_CONVERSION = YES;
				CLANG_WARN_DEPRECATED_OBJC_IMPLEMENTATIONS = YES;
				CLANG_WARN_DIRECT_OBJC_ISA_USAGE = YES_ERROR;
				CLANG_WARN_DOCUMENTATION_COMMENTS = YES;
				CLANG_WARN_EMPTY_BODY = YES;
				CLANG_WARN_ENUM_CONVERSION = YES;
				CLANG_WARN_INFINITE_RECURSION = YES;
				CLANG_WARN_INT_CONVERSION = YES;
				CLANG_WARN_NON_LITERAL_NULL_CONVERSION = YES;
				CLANG_WARN_OBJC_IMPLICIT_RETAIN_SELF = YES;
				CLANG_WARN_OBJC_LITERAL_CONVERSION = YES;
				CLANG_WARN_OBJC_ROOT_CLASS = YES_ERROR;
				CLANG_WARN_RANGE_LOOP_ANALYSIS = YES;
				CLANG_WARN_STRICT_PROTOTYPES = YES;
				CLANG_WARN_SUSPICIOUS_MOVE = YES;
				CLANG_WARN_UNGUARDED_AVAILABILITY = YES_AGGRESSIVE;
				CLANG_WARN_UNREACHABLE_CODE = YES;
				CLANG_WARN__DUPLICATE_METHOD_MATCH = YES;
				CODE_SIGN_IDENTITY = "iPhone Developer";
				COPY_PHASE_STRIP = NO;
				DEBUG_INFORMATION_FORMAT = "dwarf-with-dsym";
				ENABLE_NS_ASSERTIONS = NO;
				ENABLE_STRICT_OBJC_MSGSEND = YES;
				GCC_C_LANGUAGE_STANDARD = gnu11;
				GCC_NO_COMMON_BLOCKS = YES;
				GCC_WARN_64_TO_32_BIT_CONVERSION = YES;
				GCC_WARN_ABOUT_RETURN_TYPE = YES_ERROR;
				GCC_WARN_UNDECLARED_SELECTOR = YES;
				GCC_WARN_UNINITIALIZED_AUTOS = YES_AGGRESSIVE;
				GCC_WARN_UNUSED_FUNCTION = YES;
				GCC_WARN_UNUSED_VARIABLE = YES;
				IPHONEOS_DEPLOYMENT_TARGET = 12.1;
				MTL_ENABLE_DEBUG_INFO = NO;
				MTL_FAST_MATH = YES;
				SDKROOT = iphoneos;
				SWIFT_COMPILATION_MODE = wholemodule;
				SWIFT_OPTIMIZATION_LEVEL = "-O";
				VALIDATE_PRODUCT = YES;
			};
			name = Release;
		};
		107227A021E8700000CD5246 /* Debug */ = {
			isa = XCBuildConfiguration;
			buildSettings = {
				ASSETCATALOG_COMPILER_APPICON_NAME = AppIcon;
				CODE_SIGN_STYLE = Automatic;
				DEVELOPMENT_TEAM = "";
				INFOPLIST_FILE = ScreenVideoDemo/Info.plist;
				IPHONEOS_DEPLOYMENT_TARGET = 11.0;
				LD_RUNPATH_SEARCH_PATHS = (
					"$(inherited)",
					"@executable_path/Frameworks",
				);
				PRODUCT_BUNDLE_IDENTIFIER = Janise.ScreenVideoDemo;
				PRODUCT_NAME = "$(TARGET_NAME)";
				SWIFT_VERSION = 4.2;
				TARGETED_DEVICE_FAMILY = "1,2";
			};
			name = Debug;
		};
		107227A121E8700000CD5246 /* Release */ = {
			isa = XCBuildConfiguration;
			buildSettings = {
				ASSETCATALOG_COMPILER_APPICON_NAME = AppIcon;
				CODE_SIGN_STYLE = Automatic;
				DEVELOPMENT_TEAM = "";
				INFOPLIST_FILE = ScreenVideoDemo/Info.plist;
				IPHONEOS_DEPLOYMENT_TARGET = 11.0;
				LD_RUNPATH_SEARCH_PATHS = (
					"$(inherited)",
					"@executable_path/Frameworks",
				);
				PRODUCT_BUNDLE_IDENTIFIER = Janise.ScreenVideoDemo;
				PRODUCT_NAME = "$(TARGET_NAME)";
				SWIFT_VERSION = 4.2;
				TARGETED_DEVICE_FAMILY = "1,2";
			};
			name = Release;
		};
		107227A321E8700000CD5246 /* Debug */ = {
			isa = XCBuildConfiguration;
			buildSettings = {
				ALWAYS_EMBED_SWIFT_STANDARD_LIBRARIES = YES;
				BUNDLE_LOADER = "$(TEST_HOST)";
				CODE_SIGN_STYLE = Automatic;
				DEVELOPMENT_TEAM = MG2ZSL4NR6;
				INFOPLIST_FILE = ScreenVideoDemoTests/Info.plist;
				LD_RUNPATH_SEARCH_PATHS = (
					"$(inherited)",
					"@executable_path/Frameworks",
					"@loader_path/Frameworks",
				);
				PRODUCT_BUNDLE_IDENTIFIER = Janise.ScreenVideoDemoTests;
				PRODUCT_NAME = "$(TARGET_NAME)";
				SWIFT_VERSION = 4.2;
				TARGETED_DEVICE_FAMILY = "1,2";
				TEST_HOST = "$(BUILT_PRODUCTS_DIR)/ScreenVideoDemo.app/ScreenVideoDemo";
			};
			name = Debug;
		};
		107227A421E8700000CD5246 /* Release */ = {
			isa = XCBuildConfiguration;
			buildSettings = {
				ALWAYS_EMBED_SWIFT_STANDARD_LIBRARIES = YES;
				BUNDLE_LOADER = "$(TEST_HOST)";
				CODE_SIGN_STYLE = Automatic;
				DEVELOPMENT_TEAM = MG2ZSL4NR6;
				INFOPLIST_FILE = ScreenVideoDemoTests/Info.plist;
				LD_RUNPATH_SEARCH_PATHS = (
					"$(inherited)",
					"@executable_path/Frameworks",
					"@loader_path/Frameworks",
				);
				PRODUCT_BUNDLE_IDENTIFIER = Janise.ScreenVideoDemoTests;
				PRODUCT_NAME = "$(TARGET_NAME)";
				SWIFT_VERSION = 4.2;
				TARGETED_DEVICE_FAMILY = "1,2";
				TEST_HOST = "$(BUILT_PRODUCTS_DIR)/ScreenVideoDemo.app/ScreenVideoDemo";
			};
			name = Release;
		};
		107227A621E8700000CD5246 /* Debug */ = {
			isa = XCBuildConfiguration;
			buildSettings = {
				ALWAYS_EMBED_SWIFT_STANDARD_LIBRARIES = YES;
				CODE_SIGN_STYLE = Automatic;
				DEVELOPMENT_TEAM = MG2ZSL4NR6;
				INFOPLIST_FILE = ScreenVideoDemoUITests/Info.plist;
				LD_RUNPATH_SEARCH_PATHS = (
					"$(inherited)",
					"@executable_path/Frameworks",
					"@loader_path/Frameworks",
				);
				PRODUCT_BUNDLE_IDENTIFIER = Janise.ScreenVideoDemoUITests;
				PRODUCT_NAME = "$(TARGET_NAME)";
				SWIFT_VERSION = 4.2;
				TARGETED_DEVICE_FAMILY = "1,2";
				TEST_TARGET_NAME = ScreenVideoDemo;
			};
			name = Debug;
		};
		107227A721E8700000CD5246 /* Release */ = {
			isa = XCBuildConfiguration;
			buildSettings = {
				ALWAYS_EMBED_SWIFT_STANDARD_LIBRARIES = YES;
				CODE_SIGN_STYLE = Automatic;
				DEVELOPMENT_TEAM = MG2ZSL4NR6;
				INFOPLIST_FILE = ScreenVideoDemoUITests/Info.plist;
				LD_RUNPATH_SEARCH_PATHS = (
					"$(inherited)",
					"@executable_path/Frameworks",
					"@loader_path/Frameworks",
				);
				PRODUCT_BUNDLE_IDENTIFIER = Janise.ScreenVideoDemoUITests;
				PRODUCT_NAME = "$(TARGET_NAME)";
				SWIFT_VERSION = 4.2;
				TARGETED_DEVICE_FAMILY = "1,2";
				TEST_TARGET_NAME = ScreenVideoDemo;
			};
			name = Release;
		};
/* End XCBuildConfiguration section */

/* Begin XCConfigurationList section */
		1072277221E86FFF00CD5246 /* Build configuration list for PBXProject "ScreenVideoDemo" */ = {
			isa = XCConfigurationList;
			buildConfigurations = (
				1072279D21E8700000CD5246 /* Debug */,
				1072279E21E8700000CD5246 /* Release */,
			);
			defaultConfigurationIsVisible = 0;
			defaultConfigurationName = Release;
		};
		1072279F21E8700000CD5246 /* Build configuration list for PBXNativeTarget "ScreenVideoDemo" */ = {
			isa = XCConfigurationList;
			buildConfigurations = (
				107227A021E8700000CD5246 /* Debug */,
				107227A121E8700000CD5246 /* Release */,
			);
			defaultConfigurationIsVisible = 0;
			defaultConfigurationName = Release;
		};
		107227A221E8700000CD5246 /* Build configuration list for PBXNativeTarget "ScreenVideoDemoTests" */ = {
			isa = XCConfigurationList;
			buildConfigurations = (
				107227A321E8700000CD5246 /* Debug */,
				107227A421E8700000CD5246 /* Release */,
			);
			defaultConfigurationIsVisible = 0;
			defaultConfigurationName = Release;
		};
		107227A521E8700000CD5246 /* Build configuration list for PBXNativeTarget "ScreenVideoDemoUITests" */ = {
			isa = XCConfigurationList;
			buildConfigurations = (
				107227A621E8700000CD5246 /* Debug */,
				107227A721E8700000CD5246 /* Release */,
			);
			defaultConfigurationIsVisible = 0;
			defaultConfigurationName = Release;
		};
/* End XCConfigurationList section */
	};
	rootObject = 1072276F21E86FFF00CD5246 /* Project object */;
}
